
Microsoft Visual Studio Solution File, Format Version 12.00
# Visual Studio Version 17
VisualStudioVersion = 17.10.35013.160
MinimumVisualStudioVersion = 10.0.40219.1
Project("{FAE04EC0-301F-11D3-BF4B-00C04F79EFBC}") = "Interface", "Interface\Interface.csproj", "{FB0B0828-5919-48AE-9C8F-AC04D0D56FBF}"
EndProject
Global
	GlobalSection(SolutionConfigurationPlatforms) = preSolution
		Debug|Any CPU = Debug|Any CPU
		Release|Any CPU = Release|Any CPU
	EndGlobalSection
	GlobalSection(ProjectConfigurationPlatforms) = postSolution
		{FB0B0828-5919-48AE-9C8F-AC04D0D56FBF}.Debug|Any CPU.ActiveCfg = Debug|Any CPU
		{FB0B0828-5919-48AE-9C8F-AC04D0D56FBF}.Debug|Any CPU.Build.0 = Debug|Any CPU
		{FB0B0828-5919-48AE-9C8F-AC04D0D56FBF}.Release|Any CPU.ActiveCfg = Release|Any CPU
		{FB0B0828-5919-48AE-9C8F-AC04D0D56FBF}.Release|Any CPU.Build.0 = Release|Any CPU
	EndGlobalSection
	GlobalSection(SolutionProperties) = preSolution
		HideSolutionNode = FALSE
	EndGlobalSection
	GlobalSection(ExtensibilityGlobals) = postSolution
		SolutionGuid = {4ADF1316-A775-4A3B-901C-D76B3EA760B1}
	EndGlobalSection
EndGlobal
